
Microsoft Visual Studio Solution File, Format Version 12.00
# Visual Studio Version 17
VisualStudioVersion = 17.4.33205.214
MinimumVisualStudioVersion = 10.0.40219.1
Project("{2150E333-8FDC-42A3-9474-1A3956D46DE8}") = "src", "src", "{9C3F5933-8A09-4C48-B287-70767DB1732D}"
EndProject
Project("{2150E333-8FDC-42A3-9474-1A3956D46DE8}") = "Entities", "Entities", "{2E495802-17D1-4CCC-B8EE-98E659BD0C74}"
EndProject
Project("{2150E333-8FDC-42A3-9474-1A3956D46DE8}") = "Tests", "Tests", "{07F980DA-77D9-4674-826D-6807B00D10B4}"
EndProject
Project("{FAE04EC0-301F-11D3-BF4B-00C04F79EFBC}") = "Medicine.Entities", "src\Entities\Medicine.Entities\Medicine.Entities.csproj", "{9B95F1E3-5AB5-496C-95FB-CDF9A2EDA7DD}"
EndProject
Global
	GlobalSection(SolutionConfigurationPlatforms) = preSolution
		Debug|Any CPU = Debug|Any CPU
		Release|Any CPU = Release|Any CPU
	EndGlobalSection
	GlobalSection(ProjectConfigurationPlatforms) = postSolution
		{9B95F1E3-5AB5-496C-95FB-CDF9A2EDA7DD}.Debug|Any CPU.ActiveCfg = Debug|Any CPU
		{9B95F1E3-5AB5-496C-95FB-CDF9A2EDA7DD}.Debug|Any CPU.Build.0 = Debug|Any CPU
		{9B95F1E3-5AB5-496C-95FB-CDF9A2EDA7DD}.Release|Any CPU.ActiveCfg = Release|Any CPU
		{9B95F1E3-5AB5-496C-95FB-CDF9A2EDA7DD}.Release|Any CPU.Build.0 = Release|Any CPU
	EndGlobalSection
	GlobalSection(SolutionProperties) = preSolution
		HideSolutionNode = FALSE
	EndGlobalSection
	GlobalSection(NestedProjects) = preSolution
		{2E495802-17D1-4CCC-B8EE-98E659BD0C74} = {9C3F5933-8A09-4C48-B287-70767DB1732D}
		{07F980DA-77D9-4674-826D-6807B00D10B4} = {9C3F5933-8A09-4C48-B287-70767DB1732D}
		{9B95F1E3-5AB5-496C-95FB-CDF9A2EDA7DD} = {2E495802-17D1-4CCC-B8EE-98E659BD0C74}
	EndGlobalSection
	GlobalSection(ExtensibilityGlobals) = postSolution
		SolutionGuid = {CFF5CBFB-D984-4C29-BE37-F8ED595528F6}
	EndGlobalSection
EndGlobal
