
Microsoft Visual Studio Solution File, Format Version 12.00
# Visual Studio Version 17
VisualStudioVersion = 17.4.33205.214
MinimumVisualStudioVersion = 10.0.40219.1
Project("{2150E333-8FDC-42A3-9474-1A3956D46DE8}") = "src", "src", "{9C3F5933-8A09-4C48-B287-70767DB1732D}"
	ProjectSection(SolutionItems) = preProject
		src\WebApplication\commands.txt = src\WebApplication\commands.txt
	EndProjectSection
EndProject
Project("{2150E333-8FDC-42A3-9474-1A3956D46DE8}") = "Entities", "Entities", "{2E495802-17D1-4CCC-B8EE-98E659BD0C74}"
EndProject
Project("{9A19103F-16F7-4668-BE54-9A1E7A4F7556}") = "Medicine.Entities", "src\Entities\Medicine.Entities\Medicine.Entities.csproj", "{9B95F1E3-5AB5-496C-95FB-CDF9A2EDA7DD}"
EndProject
Project("{2150E333-8FDC-42A3-9474-1A3956D46DE8}") = "Implementaion", "Implementaion", "{FB88845F-E906-48D9-A860-DEFAB228A550}"
EndProject
Project("{2150E333-8FDC-42A3-9474-1A3956D46DE8}") = "Interfaces", "Interfaces", "{9F503B83-CBD7-463F-A08B-D04B07CF21CC}"
EndProject
Project("{9A19103F-16F7-4668-BE54-9A1E7A4F7556}") = "Medicine.WebApplication", "src\WebApplication\Medicine.WebApplication.csproj", "{CD3D1F23-3E80-44CD-8880-CBA5F827D62D}"
EndProject
Project("{2150E333-8FDC-42A3-9474-1A3956D46DE8}") = "tests", "tests", "{DB0BA1C8-530B-4709-96AE-BF0CAAC92C11}"
EndProject
Project("{9A19103F-16F7-4668-BE54-9A1E7A4F7556}") = "UseCases", "tests\LogicTests\UseCases.csproj", "{1A050305-8528-45D1-B6DA-C08EEE9A57C5}"
EndProject
Project("{2150E333-8FDC-42A3-9474-1A3956D46DE8}") = "Web", "Web", "{FEBDEE77-5309-495F-A48D-F755FBD6A012}"
EndProject
Project("{9A19103F-16F7-4668-BE54-9A1E7A4F7556}") = "Medicine.Web.UseCases", "src\Web\Medicine.Web.UseCases\Medicine.Web.UseCases.csproj", "{803A33BA-9089-4A09-9559-EEB3A142FCC8}"
EndProject
Project("{2150E333-8FDC-42A3-9474-1A3956D46DE8}") = "Utils", "Utils", "{4DE40D8F-6336-4FD1-A178-7B25FE5D35B5}"
EndProject
Project("{9A19103F-16F7-4668-BE54-9A1E7A4F7556}") = "Medicine.Utils", "src\Utils\Utils\Medicine.Utils.csproj", "{D6A3CA38-51DF-4C99-A4EE-6E7244A2F8B8}"
EndProject
Project("{2150E333-8FDC-42A3-9474-1A3956D46DE8}") = "Applicaton", "Applicaton", "{83899F20-3F1D-4AB4-A7EA-4BB534EFB921}"
EndProject
Project("{2150E333-8FDC-42A3-9474-1A3956D46DE8}") = "Infrastructure", "Infrastructure", "{6562DE15-4A17-4205-8C42-601E4D2A9A60}"
EndProject
Project("{2150E333-8FDC-42A3-9474-1A3956D46DE8}") = "Interfaces", "Interfaces", "{F8684E01-A394-4989-9E18-312EF5800B44}"
EndProject
Project("{2150E333-8FDC-42A3-9474-1A3956D46DE8}") = "Implementation", "Implementation", "{5A0F81F9-4259-4C17-9ADF-0E79124D4CAF}"
EndProject
Project("{9A19103F-16F7-4668-BE54-9A1E7A4F7556}") = "Medicine.Application.Interfaces", "src\Applicaton\Interfaces\Medicine.Application.Interfaces\Medicine.Application.Interfaces.csproj", "{B7117AFF-6D41-4F42-921B-414DFBCE500B}"
EndProject
Project("{9A19103F-16F7-4668-BE54-9A1E7A4F7556}") = "Medicine.Application.Implementation", "src\Applicaton\Implementation\Medicine.Application.Implementation\Medicine.Application.Implementation.csproj", "{8111BEE9-611B-455D-80E7-CCE72C4A97B1}"
EndProject
Project("{9A19103F-16F7-4668-BE54-9A1E7A4F7556}") = "Medicine.Infrastructure.Implementation.DataAccesPsql", "src\Infrastructure\Implementaion\Medicine.Infrastructure.Implementation.DataAccesMssql\Medicine.Infrastructure.Implementation.DataAccesPsql.csproj", "{67C6D678-4D87-4D8B-AAF8-1D92984115D1}"
EndProject
Project("{9A19103F-16F7-4668-BE54-9A1E7A4F7556}") = "Medicine.Infrastructure.Implementation.GmailNotification", "src\Infrastructure\Implementaion\Medicine.Infrastructure.Implementation.GmailNotification\Medicine.Infrastructure.Implementation.GmailNotification.csproj", "{998271EB-9DCE-4468-9CFB-F6F912BEB3E7}"
EndProject
Project("{9A19103F-16F7-4668-BE54-9A1E7A4F7556}") = "Medicine.Infrastructure.Interfcases.DataAccess", "src\Infrastructure\Interfaces\Medicine.Infrastructure.Interfcases.DataAccess\Medicine.Infrastructure.Interfcases.DataAccess.csproj", "{8003E111-CE7D-49CD-AC27-0184D0E4BF55}"
EndProject
Project("{9A19103F-16F7-4668-BE54-9A1E7A4F7556}") = "Medicine.Infrastructure.Interfcases.Notification", "src\Infrastructure\Interfaces\Medicine.Infrastructure.Interfcases.Notification\Medicine.Infrastructure.Interfcases.Notification.csproj", "{FEAA8523-AF79-459E-AA6B-9B7F5F681406}"
EndProject
Project("{2150E333-8FDC-42A3-9474-1A3956D46DE8}") = "front", "front", "{17A404E6-9E12-496E-90E4-F58EF6AAB494}"
EndProject
Project("{FAE04EC0-301F-11D3-BF4B-00C04F79EFBC}") = "UseCaseTests", "tests\UsecaseTests\UseCaseTests\UseCaseTests.csproj", "{C1A854CE-86F9-4E05-95F2-432D4CF59E74}"
EndProject
Global
	GlobalSection(SolutionConfigurationPlatforms) = preSolution
		Debug|Any CPU = Debug|Any CPU
		Release|Any CPU = Release|Any CPU
	EndGlobalSection
	GlobalSection(ProjectConfigurationPlatforms) = postSolution
		{9B95F1E3-5AB5-496C-95FB-CDF9A2EDA7DD}.Debug|Any CPU.ActiveCfg = Debug|Any CPU
		{9B95F1E3-5AB5-496C-95FB-CDF9A2EDA7DD}.Debug|Any CPU.Build.0 = Debug|Any CPU
		{9B95F1E3-5AB5-496C-95FB-CDF9A2EDA7DD}.Release|Any CPU.ActiveCfg = Release|Any CPU
		{9B95F1E3-5AB5-496C-95FB-CDF9A2EDA7DD}.Release|Any CPU.Build.0 = Release|Any CPU
		{CD3D1F23-3E80-44CD-8880-CBA5F827D62D}.Debug|Any CPU.ActiveCfg = Debug|Any CPU
		{CD3D1F23-3E80-44CD-8880-CBA5F827D62D}.Debug|Any CPU.Build.0 = Debug|Any CPU
		{CD3D1F23-3E80-44CD-8880-CBA5F827D62D}.Release|Any CPU.ActiveCfg = Release|Any CPU
		{CD3D1F23-3E80-44CD-8880-CBA5F827D62D}.Release|Any CPU.Build.0 = Release|Any CPU
		{1A050305-8528-45D1-B6DA-C08EEE9A57C5}.Debug|Any CPU.ActiveCfg = Debug|Any CPU
		{1A050305-8528-45D1-B6DA-C08EEE9A57C5}.Debug|Any CPU.Build.0 = Debug|Any CPU
		{1A050305-8528-45D1-B6DA-C08EEE9A57C5}.Release|Any CPU.ActiveCfg = Release|Any CPU
		{1A050305-8528-45D1-B6DA-C08EEE9A57C5}.Release|Any CPU.Build.0 = Release|Any CPU
		{803A33BA-9089-4A09-9559-EEB3A142FCC8}.Debug|Any CPU.ActiveCfg = Debug|Any CPU
		{803A33BA-9089-4A09-9559-EEB3A142FCC8}.Debug|Any CPU.Build.0 = Debug|Any CPU
		{803A33BA-9089-4A09-9559-EEB3A142FCC8}.Release|Any CPU.ActiveCfg = Release|Any CPU
		{803A33BA-9089-4A09-9559-EEB3A142FCC8}.Release|Any CPU.Build.0 = Release|Any CPU
		{D6A3CA38-51DF-4C99-A4EE-6E7244A2F8B8}.Debug|Any CPU.ActiveCfg = Debug|Any CPU
		{D6A3CA38-51DF-4C99-A4EE-6E7244A2F8B8}.Debug|Any CPU.Build.0 = Debug|Any CPU
		{D6A3CA38-51DF-4C99-A4EE-6E7244A2F8B8}.Release|Any CPU.ActiveCfg = Release|Any CPU
		{D6A3CA38-51DF-4C99-A4EE-6E7244A2F8B8}.Release|Any CPU.Build.0 = Release|Any CPU
		{B7117AFF-6D41-4F42-921B-414DFBCE500B}.Debug|Any CPU.ActiveCfg = Debug|Any CPU
		{B7117AFF-6D41-4F42-921B-414DFBCE500B}.Debug|Any CPU.Build.0 = Debug|Any CPU
		{B7117AFF-6D41-4F42-921B-414DFBCE500B}.Release|Any CPU.ActiveCfg = Release|Any CPU
		{B7117AFF-6D41-4F42-921B-414DFBCE500B}.Release|Any CPU.Build.0 = Release|Any CPU
		{8111BEE9-611B-455D-80E7-CCE72C4A97B1}.Debug|Any CPU.ActiveCfg = Debug|Any CPU
		{8111BEE9-611B-455D-80E7-CCE72C4A97B1}.Debug|Any CPU.Build.0 = Debug|Any CPU
		{8111BEE9-611B-455D-80E7-CCE72C4A97B1}.Release|Any CPU.ActiveCfg = Release|Any CPU
		{8111BEE9-611B-455D-80E7-CCE72C4A97B1}.Release|Any CPU.Build.0 = Release|Any CPU
		{67C6D678-4D87-4D8B-AAF8-1D92984115D1}.Debug|Any CPU.ActiveCfg = Debug|Any CPU
		{67C6D678-4D87-4D8B-AAF8-1D92984115D1}.Debug|Any CPU.Build.0 = Debug|Any CPU
		{67C6D678-4D87-4D8B-AAF8-1D92984115D1}.Release|Any CPU.ActiveCfg = Release|Any CPU
		{67C6D678-4D87-4D8B-AAF8-1D92984115D1}.Release|Any CPU.Build.0 = Release|Any CPU
		{998271EB-9DCE-4468-9CFB-F6F912BEB3E7}.Debug|Any CPU.ActiveCfg = Debug|Any CPU
		{998271EB-9DCE-4468-9CFB-F6F912BEB3E7}.Debug|Any CPU.Build.0 = Debug|Any CPU
		{998271EB-9DCE-4468-9CFB-F6F912BEB3E7}.Release|Any CPU.ActiveCfg = Release|Any CPU
		{998271EB-9DCE-4468-9CFB-F6F912BEB3E7}.Release|Any CPU.Build.0 = Release|Any CPU
		{8003E111-CE7D-49CD-AC27-0184D0E4BF55}.Debug|Any CPU.ActiveCfg = Debug|Any CPU
		{8003E111-CE7D-49CD-AC27-0184D0E4BF55}.Debug|Any CPU.Build.0 = Debug|Any CPU
		{8003E111-CE7D-49CD-AC27-0184D0E4BF55}.Release|Any CPU.ActiveCfg = Release|Any CPU
		{8003E111-CE7D-49CD-AC27-0184D0E4BF55}.Release|Any CPU.Build.0 = Release|Any CPU
		{FEAA8523-AF79-459E-AA6B-9B7F5F681406}.Debug|Any CPU.ActiveCfg = Debug|Any CPU
		{FEAA8523-AF79-459E-AA6B-9B7F5F681406}.Debug|Any CPU.Build.0 = Debug|Any CPU
		{FEAA8523-AF79-459E-AA6B-9B7F5F681406}.Release|Any CPU.ActiveCfg = Release|Any CPU
		{FEAA8523-AF79-459E-AA6B-9B7F5F681406}.Release|Any CPU.Build.0 = Release|Any CPU
		{C1A854CE-86F9-4E05-95F2-432D4CF59E74}.Debug|Any CPU.ActiveCfg = Debug|Any CPU
		{C1A854CE-86F9-4E05-95F2-432D4CF59E74}.Debug|Any CPU.Build.0 = Debug|Any CPU
		{C1A854CE-86F9-4E05-95F2-432D4CF59E74}.Release|Any CPU.ActiveCfg = Release|Any CPU
		{C1A854CE-86F9-4E05-95F2-432D4CF59E74}.Release|Any CPU.Build.0 = Release|Any CPU
	EndGlobalSection
	GlobalSection(SolutionProperties) = preSolution
		HideSolutionNode = FALSE
	EndGlobalSection
	GlobalSection(NestedProjects) = preSolution
		{2E495802-17D1-4CCC-B8EE-98E659BD0C74} = {9C3F5933-8A09-4C48-B287-70767DB1732D}
		{9B95F1E3-5AB5-496C-95FB-CDF9A2EDA7DD} = {2E495802-17D1-4CCC-B8EE-98E659BD0C74}
		{FB88845F-E906-48D9-A860-DEFAB228A550} = {6562DE15-4A17-4205-8C42-601E4D2A9A60}
		{9F503B83-CBD7-463F-A08B-D04B07CF21CC} = {6562DE15-4A17-4205-8C42-601E4D2A9A60}
		{CD3D1F23-3E80-44CD-8880-CBA5F827D62D} = {9C3F5933-8A09-4C48-B287-70767DB1732D}
		{1A050305-8528-45D1-B6DA-C08EEE9A57C5} = {DB0BA1C8-530B-4709-96AE-BF0CAAC92C11}
		{FEBDEE77-5309-495F-A48D-F755FBD6A012} = {9C3F5933-8A09-4C48-B287-70767DB1732D}
		{803A33BA-9089-4A09-9559-EEB3A142FCC8} = {FEBDEE77-5309-495F-A48D-F755FBD6A012}
		{4DE40D8F-6336-4FD1-A178-7B25FE5D35B5} = {9C3F5933-8A09-4C48-B287-70767DB1732D}
		{D6A3CA38-51DF-4C99-A4EE-6E7244A2F8B8} = {4DE40D8F-6336-4FD1-A178-7B25FE5D35B5}
		{83899F20-3F1D-4AB4-A7EA-4BB534EFB921} = {9C3F5933-8A09-4C48-B287-70767DB1732D}
		{6562DE15-4A17-4205-8C42-601E4D2A9A60} = {9C3F5933-8A09-4C48-B287-70767DB1732D}
		{F8684E01-A394-4989-9E18-312EF5800B44} = {83899F20-3F1D-4AB4-A7EA-4BB534EFB921}
		{5A0F81F9-4259-4C17-9ADF-0E79124D4CAF} = {83899F20-3F1D-4AB4-A7EA-4BB534EFB921}
		{B7117AFF-6D41-4F42-921B-414DFBCE500B} = {F8684E01-A394-4989-9E18-312EF5800B44}
		{8111BEE9-611B-455D-80E7-CCE72C4A97B1} = {5A0F81F9-4259-4C17-9ADF-0E79124D4CAF}
		{67C6D678-4D87-4D8B-AAF8-1D92984115D1} = {FB88845F-E906-48D9-A860-DEFAB228A550}
		{998271EB-9DCE-4468-9CFB-F6F912BEB3E7} = {FB88845F-E906-48D9-A860-DEFAB228A550}
		{8003E111-CE7D-49CD-AC27-0184D0E4BF55} = {9F503B83-CBD7-463F-A08B-D04B07CF21CC}
		{FEAA8523-AF79-459E-AA6B-9B7F5F681406} = {9F503B83-CBD7-463F-A08B-D04B07CF21CC}
		{C1A854CE-86F9-4E05-95F2-432D4CF59E74} = {DB0BA1C8-530B-4709-96AE-BF0CAAC92C11}
	EndGlobalSection
	GlobalSection(ExtensibilityGlobals) = postSolution
		SolutionGuid = {CFF5CBFB-D984-4C29-BE37-F8ED595528F6}
	EndGlobalSection
EndGlobal
