
Microsoft Visual Studio Solution File, Format Version 12.00
# Visual Studio Version 17
VisualStudioVersion = 17.4.33205.214
MinimumVisualStudioVersion = 10.0.40219.1
Project("{2150E333-8FDC-42A3-9474-1A3956D46DE8}") = "src", "src", "{9C3F5933-8A09-4C48-B287-70767DB1732D}"
EndProject
Project("{2150E333-8FDC-42A3-9474-1A3956D46DE8}") = "Entities", "Entities", "{2E495802-17D1-4CCC-B8EE-98E659BD0C74}"
EndProject
Project("{9A19103F-16F7-4668-BE54-9A1E7A4F7556}") = "Medicine.Entities", "src\Entities\Medicine.Entities\Medicine.Entities.csproj", "{9B95F1E3-5AB5-496C-95FB-CDF9A2EDA7DD}"
EndProject
Project("{2150E333-8FDC-42A3-9474-1A3956D46DE8}") = "Infrastructure.Implementaion", "Infrastructure.Implementaion", "{FB88845F-E906-48D9-A860-DEFAB228A550}"
EndProject
Project("{2150E333-8FDC-42A3-9474-1A3956D46DE8}") = "Infrastructure.Interfaces", "Infrastructure.Interfaces", "{9F503B83-CBD7-463F-A08B-D04B07CF21CC}"
EndProject
Project("{9A19103F-16F7-4668-BE54-9A1E7A4F7556}") = "Medicine.DataAccess.Sql", "src\Infrastructure.Implementaion\DataAccess.Sql\Medicine.DataAccess.Sql.csproj", "{CD055301-86BE-439E-A1CB-812BA3F8FF71}"
EndProject
Project("{9A19103F-16F7-4668-BE54-9A1E7A4F7556}") = "Medicine.DataAccess.Interfaces", "src\Infrastructure.Interfaces\DataAccess.Interfaces\Medicine.DataAccess.Interfaces.csproj", "{12C1AE7B-6750-4509-BF2C-766C24585179}"
EndProject
Project("{9A19103F-16F7-4668-BE54-9A1E7A4F7556}") = "Medicine.WebApplication", "src\WebApplication\Medicine.WebApplication.csproj", "{CD3D1F23-3E80-44CD-8880-CBA5F827D62D}"
EndProject
Project("{2150E333-8FDC-42A3-9474-1A3956D46DE8}") = "tests", "tests", "{DB0BA1C8-530B-4709-96AE-BF0CAAC92C11}"
EndProject
Project("{FAE04EC0-301F-11D3-BF4B-00C04F79EFBC}") = "LogicTests", "tests\LogicTests\LogicTests.csproj", "{1A050305-8528-45D1-B6DA-C08EEE9A57C5}"
EndProject
Global
	GlobalSection(SolutionConfigurationPlatforms) = preSolution
		Debug|Any CPU = Debug|Any CPU
		Release|Any CPU = Release|Any CPU
	EndGlobalSection
	GlobalSection(ProjectConfigurationPlatforms) = postSolution
		{9B95F1E3-5AB5-496C-95FB-CDF9A2EDA7DD}.Debug|Any CPU.ActiveCfg = Debug|Any CPU
		{9B95F1E3-5AB5-496C-95FB-CDF9A2EDA7DD}.Debug|Any CPU.Build.0 = Debug|Any CPU
		{9B95F1E3-5AB5-496C-95FB-CDF9A2EDA7DD}.Release|Any CPU.ActiveCfg = Release|Any CPU
		{9B95F1E3-5AB5-496C-95FB-CDF9A2EDA7DD}.Release|Any CPU.Build.0 = Release|Any CPU
		{CD055301-86BE-439E-A1CB-812BA3F8FF71}.Debug|Any CPU.ActiveCfg = Debug|Any CPU
		{CD055301-86BE-439E-A1CB-812BA3F8FF71}.Debug|Any CPU.Build.0 = Debug|Any CPU
		{CD055301-86BE-439E-A1CB-812BA3F8FF71}.Release|Any CPU.ActiveCfg = Release|Any CPU
		{CD055301-86BE-439E-A1CB-812BA3F8FF71}.Release|Any CPU.Build.0 = Release|Any CPU
		{12C1AE7B-6750-4509-BF2C-766C24585179}.Debug|Any CPU.ActiveCfg = Debug|Any CPU
		{12C1AE7B-6750-4509-BF2C-766C24585179}.Debug|Any CPU.Build.0 = Debug|Any CPU
		{12C1AE7B-6750-4509-BF2C-766C24585179}.Release|Any CPU.ActiveCfg = Release|Any CPU
		{12C1AE7B-6750-4509-BF2C-766C24585179}.Release|Any CPU.Build.0 = Release|Any CPU
		{CD3D1F23-3E80-44CD-8880-CBA5F827D62D}.Debug|Any CPU.ActiveCfg = Debug|Any CPU
		{CD3D1F23-3E80-44CD-8880-CBA5F827D62D}.Debug|Any CPU.Build.0 = Debug|Any CPU
		{CD3D1F23-3E80-44CD-8880-CBA5F827D62D}.Release|Any CPU.ActiveCfg = Release|Any CPU
		{CD3D1F23-3E80-44CD-8880-CBA5F827D62D}.Release|Any CPU.Build.0 = Release|Any CPU
		{1A050305-8528-45D1-B6DA-C08EEE9A57C5}.Debug|Any CPU.ActiveCfg = Debug|Any CPU
		{1A050305-8528-45D1-B6DA-C08EEE9A57C5}.Debug|Any CPU.Build.0 = Debug|Any CPU
		{1A050305-8528-45D1-B6DA-C08EEE9A57C5}.Release|Any CPU.ActiveCfg = Release|Any CPU
		{1A050305-8528-45D1-B6DA-C08EEE9A57C5}.Release|Any CPU.Build.0 = Release|Any CPU
	EndGlobalSection
	GlobalSection(SolutionProperties) = preSolution
		HideSolutionNode = FALSE
	EndGlobalSection
	GlobalSection(NestedProjects) = preSolution
		{2E495802-17D1-4CCC-B8EE-98E659BD0C74} = {9C3F5933-8A09-4C48-B287-70767DB1732D}
		{9B95F1E3-5AB5-496C-95FB-CDF9A2EDA7DD} = {2E495802-17D1-4CCC-B8EE-98E659BD0C74}
		{FB88845F-E906-48D9-A860-DEFAB228A550} = {9C3F5933-8A09-4C48-B287-70767DB1732D}
		{9F503B83-CBD7-463F-A08B-D04B07CF21CC} = {9C3F5933-8A09-4C48-B287-70767DB1732D}
		{CD055301-86BE-439E-A1CB-812BA3F8FF71} = {FB88845F-E906-48D9-A860-DEFAB228A550}
		{12C1AE7B-6750-4509-BF2C-766C24585179} = {9F503B83-CBD7-463F-A08B-D04B07CF21CC}
		{CD3D1F23-3E80-44CD-8880-CBA5F827D62D} = {9C3F5933-8A09-4C48-B287-70767DB1732D}
		{1A050305-8528-45D1-B6DA-C08EEE9A57C5} = {DB0BA1C8-530B-4709-96AE-BF0CAAC92C11}
	EndGlobalSection
	GlobalSection(ExtensibilityGlobals) = postSolution
		SolutionGuid = {CFF5CBFB-D984-4C29-BE37-F8ED595528F6}
	EndGlobalSection
EndGlobal
